{
    "_readme": [
        "This file locks the dependencies of your project to a known state",
        "Read more about it at http://getcomposer.org/doc/01-basic-usage.md#composer-lock-the-lock-file",
        "This file is @generated automatically"
    ],
    "hash": "c98483afebdee7e369f474e7e2f6a8a8",
    "packages": [
        {
            "name": "zendframework/zend-authentication",
            "version": "2.3.4",
            "target-dir": "Zend/Authentication",
            "source": {
                "type": "git",
                "url": "https://github.com/zendframework/Component_ZendAuthentication.git",
                "reference": "ab36949a7f7c88cef5ad34da9f996aaf9a3f91d9"
            },
            "dist": {
                "type": "zip",
                "url": "https://api.github.com/repos/zendframework/Component_ZendAuthentication/zipball/ab36949a7f7c88cef5ad34da9f996aaf9a3f91d9",
                "reference": "ab36949a7f7c88cef5ad34da9f996aaf9a3f91d9",
                "shasum": ""
            },
            "require": {
                "php": ">=5.3.23",
                "zendframework/zend-stdlib": "self.version"
            },
            "require-dev": {
                "zendframework/zend-crypt": "self.version",
                "zendframework/zend-db": "self.version",
                "zendframework/zend-http": "self.version",
                "zendframework/zend-ldap": "self.version",
                "zendframework/zend-session": "self.version",
                "zendframework/zend-uri": "self.version",
                "zendframework/zend-validator": "self.version"
            },
            "suggest": {
                "zendframework/zend-crypt": "Zend\\Crypt component",
                "zendframework/zend-db": "Zend\\Db component",
                "zendframework/zend-http": "Zend\\Http component",
                "zendframework/zend-ldap": "Zend\\Ldap component",
                "zendframework/zend-session": "Zend\\Session component",
                "zendframework/zend-uri": "Zend\\Uri component",
                "zendframework/zend-validator": "Zend\\Validator component"
            },
            "type": "library",
            "extra": {
                "branch-alias": {
                    "dev-master": "2.3-dev",
                    "dev-develop": "2.4-dev"
                }
            },
            "autoload": {
                "psr-0": {
                    "Zend\\Authentication\\": ""
                }
            },
            "notification-url": "https://packagist.org/downloads/",
            "license": [
                "BSD-3-Clause"
            ],
            "description": "provides an API for authentication and includes concrete authentication adapters for common use case scenarios",
            "homepage": "https://github.com/zendframework/zf2",
            "keywords": [
                "Authentication",
                "zf2"
            ],
            "time": "2015-01-14 16:44:17"
        },
        {
            "name": "zendframework/zend-stdlib",
            "version": "2.3.4",
            "target-dir": "Zend/Stdlib",
            "source": {
                "type": "git",
                "url": "https://github.com/zendframework/Component_ZendStdlib.git",
                "reference": "280e4ee6a8fea96b3de00a39174758b4002a7358"
            },
            "dist": {
                "type": "zip",
                "url": "https://api.github.com/repos/zendframework/Component_ZendStdlib/zipball/280e4ee6a8fea96b3de00a39174758b4002a7358",
                "reference": "280e4ee6a8fea96b3de00a39174758b4002a7358",
                "shasum": ""
            },
            "require": {
                "php": ">=5.3.23"
            },
            "require-dev": {
                "zendframework/zend-eventmanager": "self.version",
                "zendframework/zend-filter": "self.version",
                "zendframework/zend-serializer": "self.version",
                "zendframework/zend-servicemanager": "self.version"
            },
            "suggest": {
                "zendframework/zend-eventmanager": "To support aggregate hydrator usage",
                "zendframework/zend-filter": "To support naming strategy hydrator usage",
                "zendframework/zend-serializer": "Zend\\Serializer component",
                "zendframework/zend-servicemanager": "To support hydrator plugin manager usage"
            },
            "type": "library",
            "extra": {
                "branch-alias": {
                    "dev-master": "2.3-dev",
                    "dev-develop": "2.4-dev"
                }
            },
            "autoload": {
                "psr-0": {
                    "Zend\\Stdlib\\": ""
                }
            },
            "notification-url": "https://packagist.org/downloads/",
            "license": [
                "BSD-3-Clause"
            ],
            "homepage": "https://github.com/zendframework/zf2",
            "keywords": [
                "stdlib",
                "zf2"
            ],
            "time": "2015-01-14 16:44:17"
        }
    ],
    "packages-dev": [
        {
            "name": "funkatron/funit",
            "version": "0.6.0",
            "source": {
                "type": "git",
                "url": "https://github.com/funkatron/FUnit.git",
                "reference": "4265930d1104683fdae65cb3b5457904bf29ad23"
            },
            "dist": {
                "type": "zip",
                "url": "https://api.github.com/repos/funkatron/FUnit/zipball/4265930d1104683fdae65cb3b5457904bf29ad23",
                "reference": "4265930d1104683fdae65cb3b5457904bf29ad23",
                "shasum": ""
            },
            "require": {
                "kevinlebrun/colors.php": "0.2.*",
                "nategood/commando": "0.2.*",
                "php": ">=5.3"
            },
            "bin": [
                "bin/fu"
            ],
            "type": "library",
            "autoload": {
                "psr-0": {
                    "FUnit": ""
                }
            },
            "notification-url": "https://packagist.org/downloads/",
            "license": [
                "Apache 2.0"
            ],
            "authors": [
                {
                    "name": "Ed Finkler",
                    "homepage": "http://funkatron.com"
                }
            ],
            "description": "A simple test suite for PHP 5.3+, partially inspired by QUnit.",
            "homepage": "http://github.com/funkatron/FUnit",
            "keywords": [
                "Simple",
                "microphp",
                "test",
                "testing",
                "unit"
            ],
            "time": "2014-03-08 02:25:59"
        },
        {
            "name": "kevinlebrun/colors.php",
            "version": "0.2.0",
            "source": {
                "type": "git",
                "url": "https://github.com/kevinlebrun/colors.php.git",
                "reference": "b13d23b9365ece519abc0eaa77cd3061c5810d30"
            },
            "dist": {
                "type": "zip",
                "url": "https://api.github.com/repos/kevinlebrun/colors.php/zipball/b13d23b9365ece519abc0eaa77cd3061c5810d30",
                "reference": "b13d23b9365ece519abc0eaa77cd3061c5810d30",
                "shasum": ""
            },
            "require": {
                "php": ">=5.3.0"
            },
            "type": "library",
            "autoload": {
                "psr-0": {
                    "Colors": "lib/"
                }
            },
            "notification-url": "https://packagist.org/downloads/",
            "license": [
                "MIT"
            ],
            "authors": [
                {
                    "name": "Kevin Le Brun",
                    "email": "lebrun.k@gmail.com",
                    "homepage": "http://kevinlebrun.fr",
                    "role": "developer"
                }
            ],
            "description": "Colors for PHP CLI scripts",
            "homepage": "https://github.com/kevinlebrun/colors.php",
            "keywords": [
                "cli",
                "color",
                "colors",
                "console",
                "shell"
            ],
            "time": "2012-03-25 18:18:10"
        },
        {
            "name": "nategood/commando",
            "version": "0.2.7",
            "source": {
                "type": "git",
                "url": "https://github.com/nategood/commando.git",
                "reference": "873183f0062514ff8c50851f0d8ce98cbbd5ac72"
            },
            "dist": {
                "type": "zip",
                "url": "https://api.github.com/repos/nategood/commando/zipball/873183f0062514ff8c50851f0d8ce98cbbd5ac72",
                "reference": "873183f0062514ff8c50851f0d8ce98cbbd5ac72",
                "shasum": ""
            },
            "require": {
                "kevinlebrun/colors.php": "0.2.*",
                "php": ">=5.3"
            },
            "type": "library",
            "autoload": {
                "psr-0": {
                    "Commando": "src/"
                }
            },
            "notification-url": "https://packagist.org/downloads/",
            "license": [
                "MIT"
            ],
            "authors": [
                {
                    "name": "Nate Good",
                    "email": "me@nategood.com"
                }
            ],
            "description": "PHP CLI Commando Style",
            "homepage": "http://github.com/nategood/commando",
            "keywords": [
                "automation",
                "cli",
                "command",
                "command line",
                "command line interface",
                "scripting"
            ],
            "time": "2015-01-05 15:55:41"
        }
    ],
    "aliases": [],
    "minimum-stability": "stable",
    "stability-flags": [],
    "prefer-stable": false,
    "prefer-lowest": false,
    "platform": {
        "php": ">=5.3.23"
    },
    "platform-dev": []
}
